Microsoft Visual Studio Solution File, Format Version 11.00
# Visual C# Express 2010
Project("{FAE04EC0-301F-11D3-BF4B-00C04F79EFBC}") = "GifDump", "GifDump\GifDump.csproj", "{338020ED-0BBD-489E-9B34-BF39D26F147A}"
EndProject
Project("{FAE04EC0-301F-11D3-BF4B-00C04F79EFBC}") = "GifDotNet", "GifDotNet\GifDotNet.csproj", "{6B9FE037-A88D-472B-B2F9-92865790EBD8}"
EndProject
Project("{FAE04EC0-301F-11D3-BF4B-00C04F79EFBC}") = "SystemTests", "SystemTests\SystemTests.csproj", "{1C9063DA-5AF1-4C08-A80A-F8DF6589ED2B}"
EndProject
Global
	GlobalSection(SolutionConfigurationPlatforms) = preSolution
		Debug|Any CPU = Debug|Any CPU
		Debug|Mixed Platforms = Debug|Mixed Platforms
		Debug|x86 = Debug|x86
		Release|Any CPU = Release|Any CPU
		Release|Mixed Platforms = Release|Mixed Platforms
		Release|x86 = Release|x86
	EndGlobalSection
	GlobalSection(ProjectConfigurationPlatforms) = postSolution
		{338020ED-0BBD-489E-9B34-BF39D26F147A}.Debug|Any CPU.ActiveCfg = Debug|x86
		{338020ED-0BBD-489E-9B34-BF39D26F147A}.Debug|Mixed Platforms.ActiveCfg = Debug|x86
		{338020ED-0BBD-489E-9B34-BF39D26F147A}.Debug|Mixed Platforms.Build.0 = Debug|x86
		{338020ED-0BBD-489E-9B34-BF39D26F147A}.Debug|x86.ActiveCfg = Debug|x86
		{338020ED-0BBD-489E-9B34-BF39D26F147A}.Debug|x86.Build.0 = Debug|x86
		{338020ED-0BBD-489E-9B34-BF39D26F147A}.Release|Any CPU.ActiveCfg = Release|x86
		{338020ED-0BBD-489E-9B34-BF39D26F147A}.Release|Mixed Platforms.ActiveCfg = Release|x86
		{338020ED-0BBD-489E-9B34-BF39D26F147A}.Release|Mixed Platforms.Build.0 = Release|x86
		{338020ED-0BBD-489E-9B34-BF39D26F147A}.Release|x86.ActiveCfg = Release|x86
		{338020ED-0BBD-489E-9B34-BF39D26F147A}.Release|x86.Build.0 = Release|x86
		{6B9FE037-A88D-472B-B2F9-92865790EBD8}.Debug|Any CPU.ActiveCfg = Debug|Any CPU
		{6B9FE037-A88D-472B-B2F9-92865790EBD8}.Debug|Any CPU.Build.0 = Debug|Any CPU
		{6B9FE037-A88D-472B-B2F9-92865790EBD8}.Debug|Mixed Platforms.ActiveCfg = Debug|Any CPU
		{6B9FE037-A88D-472B-B2F9-92865790EBD8}.Debug|Mixed Platforms.Build.0 = Debug|Any CPU
		{6B9FE037-A88D-472B-B2F9-92865790EBD8}.Debug|x86.ActiveCfg = Debug|Any CPU
		{6B9FE037-A88D-472B-B2F9-92865790EBD8}.Release|Any CPU.ActiveCfg = Release|Any CPU
		{6B9FE037-A88D-472B-B2F9-92865790EBD8}.Release|Any CPU.Build.0 = Release|Any CPU
		{6B9FE037-A88D-472B-B2F9-92865790EBD8}.Release|Mixed Platforms.ActiveCfg = Release|Any CPU
		{6B9FE037-A88D-472B-B2F9-92865790EBD8}.Release|Mixed Platforms.Build.0 = Release|Any CPU
		{6B9FE037-A88D-472B-B2F9-92865790EBD8}.Release|x86.ActiveCfg = Release|Any CPU
		{1C9063DA-5AF1-4C08-A80A-F8DF6589ED2B}.Debug|Any CPU.ActiveCfg = Debug|x86
		{1C9063DA-5AF1-4C08-A80A-F8DF6589ED2B}.Debug|Mixed Platforms.ActiveCfg = Debug|x86
		{1C9063DA-5AF1-4C08-A80A-F8DF6589ED2B}.Debug|Mixed Platforms.Build.0 = Debug|x86
		{1C9063DA-5AF1-4C08-A80A-F8DF6589ED2B}.Debug|x86.ActiveCfg = Debug|x86
		{1C9063DA-5AF1-4C08-A80A-F8DF6589ED2B}.Debug|x86.Build.0 = Debug|x86
		{1C9063DA-5AF1-4C08-A80A-F8DF6589ED2B}.Release|Any CPU.ActiveCfg = Release|x86
		{1C9063DA-5AF1-4C08-A80A-F8DF6589ED2B}.Release|Mixed Platforms.ActiveCfg = Release|x86
		{1C9063DA-5AF1-4C08-A80A-F8DF6589ED2B}.Release|Mixed Platforms.Build.0 = Release|x86
		{1C9063DA-5AF1-4C08-A80A-F8DF6589ED2B}.Release|x86.ActiveCfg = Release|x86
		{1C9063DA-5AF1-4C08-A80A-F8DF6589ED2B}.Release|x86.Build.0 = Release|x86
	EndGlobalSection
	GlobalSection(SolutionProperties) = preSolution
		HideSolutionNode = FALSE
	EndGlobalSection
EndGlobal
